github.com/gorilla/mux v1.8.0 h1:i40aqfkR1h2SlN9hojwV5ZA91wcXFOvkdNIeFDP5koI=
github.com/gorilla/mux v1.8.0/go.mod h1:DVbg23sWSpFRCP0SfiEN6jmj59UnW/n46BH5rLB71So=
github.com/kelvins/sunrisesunset v0.0.0-20170601204625-14f1915ad4b4 h1:8GEzGYjqXcb1PW2RFrkbsv7Gzq4v9ykbjy6lUc9nbnM=
github.com/kelvins/sunrisesunset v0.0.0-20170601204625-14f1915ad4b4/go.mod h1:3oZ7G+fb8Z8KF+KPHxeDO3GWpEjgvk/f+d/yaxmDRT4=
